// !$*UTF8*$!
{
	archiveVersion = 1;
	classes = {
	};
	objectVersion = 46;
	objects = {

/* Begin PBXBuildFile section */
		823BE9331C1F52810045B63C /* SectionedDatasource.swift in Sources */ = {isa = PBXBuildFile; fileRef = 823BE9321C1F52810045B63C /* SectionedDatasource.swift */; };
		823D45921C1F61EB00385887 /* ArticlesDatasource.swift in Sources */ = {isa = PBXBuildFile; fileRef = 823D45911C1F61EB00385887 /* ArticlesDatasource.swift */; };
		825221201C20B6720045BE41 /* index.mustache in Resources */ = {isa = PBXBuildFile; fileRef = 8252211F1C20B6720045BE41 /* index.mustache */; };
		82608C4C1C1F85F80064D2D8 /* ArticleDatasource.swift in Sources */ = {isa = PBXBuildFile; fileRef = 82608C4B1C1F85F80064D2D8 /* ArticleDatasource.swift */; };
		82608C7C1C1F90980064D2D8 /* HistoryItem+CoreDataProperties.swift in Sources */ = {isa = PBXBuildFile; fileRef = 82608C781C1F90980064D2D8 /* HistoryItem+CoreDataProperties.swift */; };
		82608C7D1C1F90980064D2D8 /* HistoryItem.swift in Sources */ = {isa = PBXBuildFile; fileRef = 82608C791C1F90980064D2D8 /* HistoryItem.swift */; };
		82608C7E1C1F90980064D2D8 /* Bookmark+CoreDataProperties.swift in Sources */ = {isa = PBXBuildFile; fileRef = 82608C7A1C1F90980064D2D8 /* Bookmark+CoreDataProperties.swift */; };
		82608C7F1C1F90980064D2D8 /* Bookmark.swift in Sources */ = {isa = PBXBuildFile; fileRef = 82608C7B1C1F90980064D2D8 /* Bookmark.swift */; };
		8290F7D81C1DD93A0040E8D5 /* Thumbnail.swift in Sources */ = {isa = PBXBuildFile; fileRef = 8290F7D71C1DD93A0040E8D5 /* Thumbnail.swift */; };
		829A1B671C176FC60005DF33 /* AppDelegate.swift in Sources */ = {isa = PBXBuildFile; fileRef = 829A1B661C176FC60005DF33 /* AppDelegate.swift */; };
		829A1B6E1C176FC60005DF33 /* Main.storyboard in Resources */ = {isa = PBXBuildFile; fileRef = 829A1B6C1C176FC60005DF33 /* Main.storyboard */; };
		829A1B701C176FC60005DF33 /* Assets.xcassets in Resources */ = {isa = PBXBuildFile; fileRef = 829A1B6F1C176FC60005DF33 /* Assets.xcassets */; };
		829A1B731C176FC60005DF33 /* LaunchScreen.storyboard in Resources */ = {isa = PBXBuildFile; fileRef = 829A1B711C176FC60005DF33 /* LaunchScreen.storyboard */; };
		829A1B7B1C178C4D0005DF33 /* BookmarksViewController.swift in Sources */ = {isa = PBXBuildFile; fileRef = 829A1B7A1C178C4D0005DF33 /* BookmarksViewController.swift */; };
		829A1B7D1C178C5E0005DF33 /* HistoryViewController.swift in Sources */ = {isa = PBXBuildFile; fileRef = 829A1B7C1C178C5E0005DF33 /* HistoryViewController.swift */; };
		829A1B7F1C178C900005DF33 /* ArticleListViewController.swift in Sources */ = {isa = PBXBuildFile; fileRef = 829A1B7E1C178C900005DF33 /* ArticleListViewController.swift */; };
		829A1B871C18A4ED0005DF33 /* ArticleViewController.swift in Sources */ = {isa = PBXBuildFile; fileRef = 829A1B851C18A4ED0005DF33 /* ArticleViewController.swift */; };
		829A1B881C18A4ED0005DF33 /* ArticleViewController.xib in Resources */ = {isa = PBXBuildFile; fileRef = 829A1B861C18A4ED0005DF33 /* ArticleViewController.xib */; };
		829A1B8A1C18ADD50005DF33 /* ArticleListTableViewCell.swift in Sources */ = {isa = PBXBuildFile; fileRef = 829A1B891C18ADD50005DF33 /* ArticleListTableViewCell.swift */; };
		829A1B8C1C18B8650005DF33 /* HistoryTableViewCell.swift in Sources */ = {isa = PBXBuildFile; fileRef = 829A1B8B1C18B8650005DF33 /* HistoryTableViewCell.swift */; };
		82A3BB381C18BC0200E3D879 /* wiki.xcdatamodeld in Sources */ = {isa = PBXBuildFile; fileRef = 82A3BB361C18BC0200E3D879 /* wiki.xcdatamodeld */; };
		82A3BB3A1C18C4CE00E3D879 /* RandomArticlesDatasource.swift in Sources */ = {isa = PBXBuildFile; fileRef = 82A3BB391C18C4CE00E3D879 /* RandomArticlesDatasource.swift */; };
		82A3BB3C1C18C57600E3D879 /* APIManager.swift in Sources */ = {isa = PBXBuildFile; fileRef = 82A3BB3B1C18C57600E3D879 /* APIManager.swift */; };
		82C741431C20BB8E00DBE562 /* Category.swift in Sources */ = {isa = PBXBuildFile; fileRef = 82C741421C20BB8E00DBE562 /* Category.swift */; };
		82EA04351C1DD34F00121781 /* Article.swift in Sources */ = {isa = PBXBuildFile; fileRef = 82EA04341C1DD34F00121781 /* Article.swift */; };
		B9203F3F6FE01F59C8428DB8 /* Pods_wiki.framework in Frameworks */ = {isa = PBXBuildFile; fileRef = 17166C6F0CB7C5D0AF4ADFB2 /* Pods_wiki.framework */; };
/* End PBXBuildFile section */

/* Begin PBXFileReference section */
		17166C6F0CB7C5D0AF4ADFB2 /* Pods_wiki.framework */ = {isa = PBXFileReference; explicitFileType = wrapper.framework; includeInIndex = 0; path = Pods_wiki.framework; sourceTree = BUILT_PRODUCTS_DIR; };
		2F44589552136D57E770DD0F /* Pods-wiki.debug.xcconfig */ = {isa = PBXFileReference; includeInIndex = 1; lastKnownFileType = text.xcconfig; name = "Pods-wiki.debug.xcconfig"; path = "Pods/Target Support Files/Pods-wiki/Pods-wiki.debug.xcconfig"; sourceTree = "<group>"; };
		823BE9321C1F52810045B63C /* SectionedDatasource.swift */ = {isa = PBXFileReference; fileEncoding = 4; lastKnownFileType = sourcecode.swift; path = SectionedDatasource.swift; sourceTree = "<group>"; };
		823D45911C1F61EB00385887 /* ArticlesDatasource.swift */ = {isa = PBXFileReference; fileEncoding = 4; lastKnownFileType = sourcecode.swift; path = ArticlesDatasource.swift; sourceTree = "<group>"; };
		8252211F1C20B6720045BE41 /* index.mustache */ = {isa = PBXFileReference; fileEncoding = 4; lastKnownFileType = text; path = index.mustache; sourceTree = "<group>"; };
		82608C4B1C1F85F80064D2D8 /* ArticleDatasource.swift */ = {isa = PBXFileReference; fileEncoding = 4; lastKnownFileType = sourcecode.swift; path = ArticleDatasource.swift; sourceTree = "<group>"; };
		82608C781C1F90980064D2D8 /* HistoryItem+CoreDataProperties.swift */ = {isa = PBXFileReference; fileEncoding = 4; lastKnownFileType = sourcecode.swift; path = "HistoryItem+CoreDataProperties.swift"; sourceTree = "<group>"; };
		82608C791C1F90980064D2D8 /* HistoryItem.swift */ = {isa = PBXFileReference; fileEncoding = 4; lastKnownFileType = sourcecode.swift; path = HistoryItem.swift; sourceTree = "<group>"; };
		82608C7A1C1F90980064D2D8 /* Bookmark+CoreDataProperties.swift */ = {isa = PBXFileReference; fileEncoding = 4; lastKnownFileType = sourcecode.swift; path = "Bookmark+CoreDataProperties.swift"; sourceTree = "<group>"; };
		82608C7B1C1F90980064D2D8 /* Bookmark.swift */ = {isa = PBXFileReference; fileEncoding = 4; lastKnownFileType = sourcecode.swift; path = Bookmark.swift; sourceTree = "<group>"; };
		8290F7D71C1DD93A0040E8D5 /* Thumbnail.swift */ = {isa = PBXFileReference; fileEncoding = 4; lastKnownFileType = sourcecode.swift; path = Thumbnail.swift; sourceTree = "<group>"; };
		829A1B631C176FC60005DF33 /* wiki.app */ = {isa = PBXFileReference; explicitFileType = wrapper.application; includeInIndex = 0; path = wiki.app; sourceTree = BUILT_PRODUCTS_DIR; };
		829A1B661C176FC60005DF33 /* AppDelegate.swift */ = {isa = PBXFileReference; lastKnownFileType = sourcecode.swift; path = AppDelegate.swift; sourceTree = "<group>"; };
		829A1B6D1C176FC60005DF33 /* Base */ = {isa = PBXFileReference; lastKnownFileType = file.storyboard; name = Base; path = Base.lproj/Main.storyboard; sourceTree = "<group>"; };
		829A1B6F1C176FC60005DF33 /* Assets.xcassets */ = {isa = PBXFileReference; lastKnownFileType = folder.assetcatalog; path = Assets.xcassets; sourceTree = "<group>"; };
		829A1B721C176FC60005DF33 /* Base */ = {isa = PBXFileReference; lastKnownFileType = file.storyboard; name = Base; path = Base.lproj/LaunchScreen.storyboard; sourceTree = "<group>"; };
		829A1B741C176FC60005DF33 /* Info.plist */ = {isa = PBXFileReference; lastKnownFileType = text.plist.xml; path = Info.plist; sourceTree = "<group>"; };
		829A1B7A1C178C4D0005DF33 /* BookmarksViewController.swift */ = {isa = PBXFileReference; fileEncoding = 4; lastKnownFileType = sourcecode.swift; path = BookmarksViewController.swift; sourceTree = "<group>"; };
		829A1B7C1C178C5E0005DF33 /* HistoryViewController.swift */ = {isa = PBXFileReference; fileEncoding = 4; lastKnownFileType = sourcecode.swift; path = HistoryViewController.swift; sourceTree = "<group>"; };
		829A1B7E1C178C900005DF33 /* ArticleListViewController.swift */ = {isa = PBXFileReference; fileEncoding = 4; lastKnownFileType = sourcecode.swift; path = ArticleListViewController.swift; sourceTree = "<group>"; };
		829A1B851C18A4ED0005DF33 /* ArticleViewController.swift */ = {isa = PBXFileReference; fileEncoding = 4; lastKnownFileType = sourcecode.swift; path = ArticleViewController.swift; sourceTree = "<group>"; };
		829A1B861C18A4ED0005DF33 /* ArticleViewController.xib */ = {isa = PBXFileReference; fileEncoding = 4; lastKnownFileType = file.xib; path = ArticleViewController.xib; sourceTree = "<group>"; };
		829A1B891C18ADD50005DF33 /* ArticleListTableViewCell.swift */ = {isa = PBXFileReference; fileEncoding = 4; lastKnownFileType = sourcecode.swift; path = ArticleListTableViewCell.swift; sourceTree = "<group>"; };
		829A1B8B1C18B8650005DF33 /* HistoryTableViewCell.swift */ = {isa = PBXFileReference; fileEncoding = 4; lastKnownFileType = sourcecode.swift; path = HistoryTableViewCell.swift; sourceTree = "<group>"; };
		82A3BB371C18BC0200E3D879 /* wiki.xcdatamodel */ = {isa = PBXFileReference; lastKnownFileType = wrapper.xcdatamodel; path = wiki.xcdatamodel; sourceTree = "<group>"; };
		82A3BB391C18C4CE00E3D879 /* RandomArticlesDatasource.swift */ = {isa = PBXFileReference; fileEncoding = 4; lastKnownFileType = sourcecode.swift; path = RandomArticlesDatasource.swift; sourceTree = "<group>"; };
		82A3BB3B1C18C57600E3D879 /* APIManager.swift */ = {isa = PBXFileReference; fileEncoding = 4; lastKnownFileType = sourcecode.swift; path = APIManager.swift; sourceTree = "<group>"; };
		82C741421C20BB8E00DBE562 /* Category.swift */ = {isa = PBXFileReference; fileEncoding = 4; lastKnownFileType = sourcecode.swift; path = Category.swift; sourceTree = "<group>"; };
		82EA04341C1DD34F00121781 /* Article.swift */ = {isa = PBXFileReference; fileEncoding = 4; lastKnownFileType = sourcecode.swift; path = Article.swift; sourceTree = "<group>"; };
		D3451628F66ECD544FFC560C /* Pods-wiki.release.xcconfig */ = {isa = PBXFileReference; includeInIndex = 1; lastKnownFileType = text.xcconfig; name = "Pods-wiki.release.xcconfig"; path = "Pods/Target Support Files/Pods-wiki/Pods-wiki.release.xcconfig"; sourceTree = "<group>"; };
/* End PBXFileReference section */

/* Begin PBXFrameworksBuildPhase section */
		829A1B601C176FC60005DF33 /* Frameworks */ = {
			isa = PBXFrameworksBuildPhase;
			buildActionMask = 2147483647;
			files = (
				B9203F3F6FE01F59C8428DB8 /* Pods_wiki.framework in Frameworks */,
			);
			runOnlyForDeploymentPostprocessing = 0;
		};
/* End PBXFrameworksBuildPhase section */

/* Begin PBXGroup section */
		0CA41324675F87907784E3C4 /* Pods */ = {
			isa = PBXGroup;
			children = (
				2F44589552136D57E770DD0F /* Pods-wiki.debug.xcconfig */,
				D3451628F66ECD544FFC560C /* Pods-wiki.release.xcconfig */,
			);
			name = Pods;
			sourceTree = "<group>";
		};
		823D45951C1F654900385887 /* Datasource */ = {
			isa = PBXGroup;
			children = (
				823BE9321C1F52810045B63C /* SectionedDatasource.swift */,
				823D45911C1F61EB00385887 /* ArticlesDatasource.swift */,
				82A3BB391C18C4CE00E3D879 /* RandomArticlesDatasource.swift */,
				82608C4B1C1F85F80064D2D8 /* ArticleDatasource.swift */,
			);
			name = Datasource;
			sourceTree = "<group>";
		};
		823D45961C1F656700385887 /* API */ = {
			isa = PBXGroup;
			children = (
				82A3BB3B1C18C57600E3D879 /* APIManager.swift */,
			);
			name = API;
			sourceTree = "<group>";
		};
		823D45971C1F806700385887 /* Model */ = {
			isa = PBXGroup;
			children = (
				82608C781C1F90980064D2D8 /* HistoryItem+CoreDataProperties.swift */,
				82608C791C1F90980064D2D8 /* HistoryItem.swift */,
				82608C7A1C1F90980064D2D8 /* Bookmark+CoreDataProperties.swift */,
				82608C7B1C1F90980064D2D8 /* Bookmark.swift */,
				82A3BB361C18BC0200E3D879 /* wiki.xcdatamodeld */,
			);
			name = Model;
			sourceTree = "<group>";
		};
		8252211E1C20B61C0045BE41 /* web */ = {
			isa = PBXGroup;
			children = (
				8252211F1C20B6720045BE41 /* index.mustache */,
			);
			path = web;
			sourceTree = "<group>";
		};
		829A1B5A1C176FC50005DF33 = {
			isa = PBXGroup;
			children = (
				829A1B651C176FC60005DF33 /* wiki */,
				829A1B8D1C18B91A0005DF33 /* UI */,
				829A1B641C176FC60005DF33 /* Products */,
				0CA41324675F87907784E3C4 /* Pods */,
				922693153B1346C6FC2C937F /* Frameworks */,
			);
			sourceTree = "<group>";
		};
		829A1B641C176FC60005DF33 /* Products */ = {
			isa = PBXGroup;
			children = (
				829A1B631C176FC60005DF33 /* wiki.app */,
			);
			name = Products;
			sourceTree = "<group>";
		};
		829A1B651C176FC60005DF33 /* wiki */ = {
			isa = PBXGroup;
			children = (
				823D45961C1F656700385887 /* API */,
				823D45951C1F654900385887 /* Datasource */,
				82EA04331C1DD25E00121781 /* Entity */,
				823D45971C1F806700385887 /* Model */,
				829A1B801C178C9A0005DF33 /* View Controllers */,
				829A1B661C176FC60005DF33 /* AppDelegate.swift */,
				829A1B6F1C176FC60005DF33 /* Assets.xcassets */,
				829A1B711C176FC60005DF33 /* LaunchScreen.storyboard */,
				829A1B741C176FC60005DF33 /* Info.plist */,
				8252211E1C20B61C0045BE41 /* web */,
			);
			path = wiki;
			sourceTree = "<group>";
		};
		829A1B801C178C9A0005DF33 /* View Controllers */ = {
			isa = PBXGroup;
			children = (
				829A1B8E1C18B9450005DF33 /* ArticleListViewController */,
				829A1B8F1C18B9550005DF33 /* HistoryViewController */,
				829A1B7A1C178C4D0005DF33 /* BookmarksViewController.swift */,
				829A1B851C18A4ED0005DF33 /* ArticleViewController.swift */,
			);
			name = "View Controllers";
			sourceTree = "<group>";
		};
		829A1B8D1C18B91A0005DF33 /* UI */ = {
			isa = PBXGroup;
			children = (
				829A1B861C18A4ED0005DF33 /* ArticleViewController.xib */,
				829A1B6C1C176FC60005DF33 /* Main.storyboard */,
			);
			name = UI;
			path = wiki;
			sourceTree = "<group>";
		};
		829A1B8E1C18B9450005DF33 /* ArticleListViewController */ = {
			isa = PBXGroup;
			children = (
				829A1B7E1C178C900005DF33 /* ArticleListViewController.swift */,
				829A1B891C18ADD50005DF33 /* ArticleListTableViewCell.swift */,
			);
			name = ArticleListViewController;
			sourceTree = "<group>";
		};
		829A1B8F1C18B9550005DF33 /* HistoryViewController */ = {
			isa = PBXGroup;
			children = (
				829A1B7C1C178C5E0005DF33 /* HistoryViewController.swift */,
				829A1B8B1C18B8650005DF33 /* HistoryTableViewCell.swift */,
			);
			name = HistoryViewController;
			sourceTree = "<group>";
		};
		82EA04331C1DD25E00121781 /* Entity */ = {
			isa = PBXGroup;
			children = (
				82EA04341C1DD34F00121781 /* Article.swift */,
				8290F7D71C1DD93A0040E8D5 /* Thumbnail.swift */,
				82C741421C20BB8E00DBE562 /* Category.swift */,
			);
			name = Entity;
			sourceTree = "<group>";
		};
		922693153B1346C6FC2C937F /* Frameworks */ = {
			isa = PBXGroup;
			children = (
				17166C6F0CB7C5D0AF4ADFB2 /* Pods_wiki.framework */,
			);
			name = Frameworks;
			sourceTree = "<group>";
		};
/* End PBXGroup section */

/* Begin PBXNativeTarget section */
		829A1B621C176FC60005DF33 /* wiki */ = {
			isa = PBXNativeTarget;
			buildConfigurationList = 829A1B771C176FC60005DF33 /* Build configuration list for PBXNativeTarget "wiki" */;
			buildPhases = (
				D624F78A74184EAEA028D5AC /* Check Pods Manifest.lock */,
				829A1B5F1C176FC60005DF33 /* Sources */,
				829A1B601C176FC60005DF33 /* Frameworks */,
				829A1B611C176FC60005DF33 /* Resources */,
				B5375FE6DAE20EB5F2B2BAC9 /* Embed Pods Frameworks */,
				2D45B365E81ADB2596A7CC22 /* Copy Pods Resources */,
			);
			buildRules = (
			);
			dependencies = (
			);
			name = wiki;
			productName = wiki;
			productReference = 829A1B631C176FC60005DF33 /* wiki.app */;
			productType = "com.apple.product-type.application";
		};
/* End PBXNativeTarget section */

/* Begin PBXProject section */
		829A1B5B1C176FC60005DF33 /* Project object */ = {
			isa = PBXProject;
			attributes = {
				LastSwiftUpdateCheck = 0710;
				LastUpgradeCheck = 0710;
				ORGANIZATIONNAME = "Dmitry Mirkitanov";
				TargetAttributes = {
					829A1B621C176FC60005DF33 = {
						CreatedOnToolsVersion = 7.1.1;
					};
				};
			};
			buildConfigurationList = 829A1B5E1C176FC60005DF33 /* Build configuration list for PBXProject "wiki" */;
			compatibilityVersion = "Xcode 3.2";
			developmentRegion = English;
			hasScannedForEncodings = 0;
			knownRegions = (
				en,
				Base,
			);
			mainGroup = 829A1B5A1C176FC50005DF33;
			productRefGroup = 829A1B641C176FC60005DF33 /* Products */;
			projectDirPath = "";
			projectRoot = "";
			targets = (
				829A1B621C176FC60005DF33 /* wiki */,
			);
		};
/* End PBXProject section */

/* Begin PBXResourcesBuildPhase section */
		829A1B611C176FC60005DF33 /* Resources */ = {
			isa = PBXResourcesBuildPhase;
			buildActionMask = 2147483647;
			files = (
				825221201C20B6720045BE41 /* index.mustache in Resources */,
				829A1B731C176FC60005DF33 /* LaunchScreen.storyboard in Resources */,
				829A1B881C18A4ED0005DF33 /* ArticleViewController.xib in Resources */,
				829A1B701C176FC60005DF33 /* Assets.xcassets in Resources */,
				829A1B6E1C176FC60005DF33 /* Main.storyboard in Resources */,
			);
			runOnlyForDeploymentPostprocessing = 0;
		};
/* End PBXResourcesBuildPhase section */

/* Begin PBXShellScriptBuildPhase section */
		2D45B365E81ADB2596A7CC22 /* Copy Pods Resources */ = {
			isa = PBXShellScriptBuildPhase;
			buildActionMask = 2147483647;
			files = (
			);
			inputPaths = (
			);
			name = "Copy Pods Resources";
			outputPaths = (
			);
			runOnlyForDeploymentPostprocessing = 0;
			shellPath = /bin/sh;
			shellScript = "\"${SRCROOT}/Pods/Target Support Files/Pods-wiki/Pods-wiki-resources.sh\"\n";
			showEnvVarsInLog = 0;
		};
		B5375FE6DAE20EB5F2B2BAC9 /* Embed Pods Frameworks */ = {
			isa = PBXShellScriptBuildPhase;
			buildActionMask = 2147483647;
			files = (
			);
			inputPaths = (
			);
			name = "Embed Pods Frameworks";
			outputPaths = (
			);
			runOnlyForDeploymentPostprocessing = 0;
			shellPath = /bin/sh;
			shellScript = "\"${SRCROOT}/Pods/Target Support Files/Pods-wiki/Pods-wiki-frameworks.sh\"\n";
			showEnvVarsInLog = 0;
		};
		D624F78A74184EAEA028D5AC /* Check Pods Manifest.lock */ = {
			isa = PBXShellScriptBuildPhase;
			buildActionMask = 2147483647;
			files = (
			);
			inputPaths = (
			);
			name = "Check Pods Manifest.lock";
			outputPaths = (
			);
			runOnlyForDeploymentPostprocessing = 0;
			shellPath = /bin/sh;
			shellScript = "diff \"${PODS_ROOT}/../Podfile.lock\" \"${PODS_ROOT}/Manifest.lock\" > /dev/null\nif [[ $? != 0 ]] ; then\n    cat << EOM\nerror: The sandbox is not in sync with the Podfile.lock. Run 'pod install' or update your CocoaPods installation.\nEOM\n    exit 1\nfi\n";
			showEnvVarsInLog = 0;
		};
/* End PBXShellScriptBuildPhase section */

/* Begin PBXSourcesBuildPhase section */
		829A1B5F1C176FC60005DF33 /* Sources */ = {
			isa = PBXSourcesBuildPhase;
			buildActionMask = 2147483647;
			files = (
				82608C7F1C1F90980064D2D8 /* Bookmark.swift in Sources */,
				82EA04351C1DD34F00121781 /* Article.swift in Sources */,
				829A1B7B1C178C4D0005DF33 /* BookmarksViewController.swift in Sources */,
				8290F7D81C1DD93A0040E8D5 /* Thumbnail.swift in Sources */,
				829A1B671C176FC60005DF33 /* AppDelegate.swift in Sources */,
				82A3BB3C1C18C57600E3D879 /* APIManager.swift in Sources */,
				829A1B8C1C18B8650005DF33 /* HistoryTableViewCell.swift in Sources */,
				82608C4C1C1F85F80064D2D8 /* ArticleDatasource.swift in Sources */,
				829A1B8A1C18ADD50005DF33 /* ArticleListTableViewCell.swift in Sources */,
				82A3BB3A1C18C4CE00E3D879 /* RandomArticlesDatasource.swift in Sources */,
				82608C7E1C1F90980064D2D8 /* Bookmark+CoreDataProperties.swift in Sources */,
				82C741431C20BB8E00DBE562 /* Category.swift in Sources */,
				829A1B871C18A4ED0005DF33 /* ArticleViewController.swift in Sources */,
				823D45921C1F61EB00385887 /* ArticlesDatasource.swift in Sources */,
				82608C7C1C1F90980064D2D8 /* HistoryItem+CoreDataProperties.swift in Sources */,
				82608C7D1C1F90980064D2D8 /* HistoryItem.swift in Sources */,
				823BE9331C1F52810045B63C /* SectionedDatasource.swift in Sources */,
				82A3BB381C18BC0200E3D879 /* wiki.xcdatamodeld in Sources */,
				829A1B7F1C178C900005DF33 /* ArticleListViewController.swift in Sources */,
				829A1B7D1C178C5E0005DF33 /* HistoryViewController.swift in Sources */,
			);
			runOnlyForDeploymentPostprocessing = 0;
		};
/* End PBXSourcesBuildPhase section */

/* Begin PBXVariantGroup section */
		829A1B6C1C176FC60005DF33 /* Main.storyboard */ = {
			isa = PBXVariantGroup;
			children = (
				829A1B6D1C176FC60005DF33 /* Base */,
			);
			name = Main.storyboard;
			sourceTree = "<group>";
		};
		829A1B711C176FC60005DF33 /* LaunchScreen.storyboard */ = {
			isa = PBXVariantGroup;
			children = (
				829A1B721C176FC60005DF33 /* Base */,
			);
			name = LaunchScreen.storyboard;
			sourceTree = "<group>";
		};
/* End PBXVariantGroup section */

/* Begin XCBuildConfiguration section */
		829A1B751C176FC60005DF33 /* Debug */ = {
			isa = XCBuildConfiguration;
			buildSettings = {
				ALWAYS_SEARCH_USER_PATHS = NO;
				CLANG_CXX_LANGUAGE_STANDARD = "gnu++0x";
				CLANG_CXX_LIBRARY = "libc++";
				CLANG_ENABLE_MODULES = YES;
				CLANG_ENABLE_OBJC_ARC = YES;
				CLANG_WARN_BOOL_CONVERSION = YES;
				CLANG_WARN_CONSTANT_CONVERSION = YES;
				CLANG_WARN_DIRECT_OBJC_ISA_USAGE = YES_ERROR;
				CLANG_WARN_EMPTY_BODY = YES;
				CLANG_WARN_ENUM_CONVERSION = YES;
				CLANG_WARN_INT_CONVERSION = YES;
				CLANG_WARN_OBJC_ROOT_CLASS = YES_ERROR;
				CLANG_WARN_UNREACHABLE_CODE = YES;
				CLANG_WARN__DUPLICATE_METHOD_MATCH = YES;
				"CODE_SIGN_IDENTITY[sdk=iphoneos*]" = "iPhone Developer";
				COPY_PHASE_STRIP = NO;
				DEBUG_INFORMATION_FORMAT = dwarf;
				ENABLE_STRICT_OBJC_MSGSEND = YES;
				ENABLE_TESTABILITY = YES;
				GCC_C_LANGUAGE_STANDARD = gnu99;
				GCC_DYNAMIC_NO_PIC = NO;
				GCC_NO_COMMON_BLOCKS = YES;
				GCC_OPTIMIZATION_LEVEL = 0;
				GCC_PREPROCESSOR_DEFINITIONS = (
					"DEBUG=1",
					"$(inherited)",
				);
				GCC_WARN_64_TO_32_BIT_CONVERSION = YES;
				GCC_WARN_ABOUT_RETURN_TYPE = YES_ERROR;
				GCC_WARN_UNDECLARED_SELECTOR = YES;
				GCC_WARN_UNINITIALIZED_AUTOS = YES_AGGRESSIVE;
				GCC_WARN_UNUSED_FUNCTION = YES;
				GCC_WARN_UNUSED_VARIABLE = YES;
				IPHONEOS_DEPLOYMENT_TARGET = 9.1;
				MTL_ENABLE_DEBUG_INFO = YES;
				ONLY_ACTIVE_ARCH = YES;
				SDKROOT = iphoneos;
				SWIFT_OPTIMIZATION_LEVEL = "-Onone";
				TARGETED_DEVICE_FAMILY = "1,2";
			};
			name = Debug;
		};
		829A1B761C176FC60005DF33 /* Release */ = {
			isa = XCBuildConfiguration;
			buildSettings = {
				ALWAYS_SEARCH_USER_PATHS = NO;
				CLANG_CXX_LANGUAGE_STANDARD = "gnu++0x";
				CLANG_CXX_LIBRARY = "libc++";
				CLANG_ENABLE_MODULES = YES;
				CLANG_ENABLE_OBJC_ARC = YES;
				CLANG_WARN_BOOL_CONVERSION = YES;
				CLANG_WARN_CONSTANT_CONVERSION = YES;
				CLANG_WARN_DIRECT_OBJC_ISA_USAGE = YES_ERROR;
				CLANG_WARN_EMPTY_BODY = YES;
				CLANG_WARN_ENUM_CONVERSION = YES;
				CLANG_WARN_INT_CONVERSION = YES;
				CLANG_WARN_OBJC_ROOT_CLASS = YES_ERROR;
				CLANG_WARN_UNREACHABLE_CODE = YES;
				CLANG_WARN__DUPLICATE_METHOD_MATCH = YES;
				"CODE_SIGN_IDENTITY[sdk=iphoneos*]" = "iPhone Developer";
				COPY_PHASE_STRIP = NO;
				DEBUG_INFORMATION_FORMAT = "dwarf-with-dsym";
				ENABLE_NS_ASSERTIONS = NO;
				ENABLE_STRICT_OBJC_MSGSEND = YES;
				GCC_C_LANGUAGE_STANDARD = gnu99;
				GCC_NO_COMMON_BLOCKS = YES;
				GCC_WARN_64_TO_32_BIT_CONVERSION = YES;
				GCC_WARN_ABOUT_RETURN_TYPE = YES_ERROR;
				GCC_WARN_UNDECLARED_SELECTOR = YES;
				GCC_WARN_UNINITIALIZED_AUTOS = YES_AGGRESSIVE;
				GCC_WARN_UNUSED_FUNCTION = YES;
				GCC_WARN_UNUSED_VARIABLE = YES;
				IPHONEOS_DEPLOYMENT_TARGET = 9.1;
				MTL_ENABLE_DEBUG_INFO = NO;
				SDKROOT = iphoneos;
				TARGETED_DEVICE_FAMILY = "1,2";
				VALIDATE_PRODUCT = YES;
			};
			name = Release;
		};
		829A1B781C176FC60005DF33 /* Debug */ = {
			isa = XCBuildConfiguration;
			baseConfigurationReference = 2F44589552136D57E770DD0F /* Pods-wiki.debug.xcconfig */;
			buildSettings = {
				ASSETCATALOG_COMPILER_APPICON_NAME = AppIcon;
				CLANG_ENABLE_MODULES = YES;
				INFOPLIST_FILE = wiki/Info.plist;
				LD_RUNPATH_SEARCH_PATHS = "$(inherited) @executable_path/Frameworks";
				PRODUCT_BUNDLE_IDENTIFIER = com.powerfulbits.wiki;
				PRODUCT_NAME = "$(TARGET_NAME)";
				SWIFT_OPTIMIZATION_LEVEL = "-Onone";
			};
			name = Debug;
		};
		829A1B791C176FC60005DF33 /* Release */ = {
			isa = XCBuildConfiguration;
			baseConfigurationReference = D3451628F66ECD544FFC560C /* Pods-wiki.release.xcconfig */;
			buildSettings = {
				ASSETCATALOG_COMPILER_APPICON_NAME = AppIcon;
				CLANG_ENABLE_MODULES = YES;
				INFOPLIST_FILE = wiki/Info.plist;
				LD_RUNPATH_SEARCH_PATHS = "$(inherited) @executable_path/Frameworks";
				PRODUCT_BUNDLE_IDENTIFIER = com.powerfulbits.wiki;
				PRODUCT_NAME = "$(TARGET_NAME)";
			};
			name = Release;
		};
/* End XCBuildConfiguration section */

/* Begin XCConfigurationList section */
		829A1B5E1C176FC60005DF33 /* Build configuration list for PBXProject "wiki" */ = {
			isa = XCConfigurationList;
			buildConfigurations = (
				829A1B751C176FC60005DF33 /* Debug */,
				829A1B761C176FC60005DF33 /* Release */,
			);
			defaultConfigurationIsVisible = 0;
			defaultConfigurationName = Release;
		};
		829A1B771C176FC60005DF33 /* Build configuration list for PBXNativeTarget "wiki" */ = {
			isa = XCConfigurationList;
			buildConfigurations = (
				829A1B781C176FC60005DF33 /* Debug */,
				829A1B791C176FC60005DF33 /* Release */,
			);
			defaultConfigurationIsVisible = 0;
			defaultConfigurationName = Release;
		};
/* End XCConfigurationList section */

/* Begin XCVersionGroup section */
		82A3BB361C18BC0200E3D879 /* wiki.xcdatamodeld */ = {
			isa = XCVersionGroup;
			children = (
				82A3BB371C18BC0200E3D879 /* wiki.xcdatamodel */,
			);
			currentVersion = 82A3BB371C18BC0200E3D879 /* wiki.xcdatamodel */;
			path = wiki.xcdatamodeld;
			sourceTree = "<group>";
			versionGroupType = wrapper.xcdatamodel;
		};
/* End XCVersionGroup section */
	};
	rootObject = 829A1B5B1C176FC60005DF33 /* Project object */;
}
